
Microsoft Visual Studio Solution File, Format Version 12.00
# Visual Studio Version 16
VisualStudioVersion = 16.0.30804.86
MinimumVisualStudioVersion = 10.0.40219.1
Project("{9A19103F-16F7-4668-BE54-9A1E7A4F7556}") = "SortingDojo", "SortingDojo\SortingDojo.csproj", "{221C9A58-6147-424F-A187-34C385A3B750}"
EndProject
Project("{FAE04EC0-301F-11D3-BF4B-00C04F79EFBC}") = "SortingDojoTests", "SortingDojoTests\SortingDojoTests.csproj", "{78DF5AC6-4CB9-4A41-9B14-3CF92B0D30BE}"
EndProject
Global
	GlobalSection(SolutionConfigurationPlatforms) = preSolution
		Debug|Any CPU = Debug|Any CPU
		Release|Any CPU = Release|Any CPU
	EndGlobalSection
	GlobalSection(ProjectConfigurationPlatforms) = postSolution
		{221C9A58-6147-424F-A187-34C385A3B750}.Debug|Any CPU.ActiveCfg = Debug|Any CPU
		{221C9A58-6147-424F-A187-34C385A3B750}.Debug|Any CPU.Build.0 = Debug|Any CPU
		{221C9A58-6147-424F-A187-34C385A3B750}.Release|Any CPU.ActiveCfg = Release|Any CPU
		{221C9A58-6147-424F-A187-34C385A3B750}.Release|Any CPU.Build.0 = Release|Any CPU
		{78DF5AC6-4CB9-4A41-9B14-3CF92B0D30BE}.Debug|Any CPU.ActiveCfg = Debug|Any CPU
		{78DF5AC6-4CB9-4A41-9B14-3CF92B0D30BE}.Debug|Any CPU.Build.0 = Debug|Any CPU
		{78DF5AC6-4CB9-4A41-9B14-3CF92B0D30BE}.Release|Any CPU.ActiveCfg = Release|Any CPU
		{78DF5AC6-4CB9-4A41-9B14-3CF92B0D30BE}.Release|Any CPU.Build.0 = Release|Any CPU
	EndGlobalSection
	GlobalSection(SolutionProperties) = preSolution
		HideSolutionNode = FALSE
	EndGlobalSection
	GlobalSection(ExtensibilityGlobals) = postSolution
		SolutionGuid = {B40A2143-FD84-4865-8A20-53C8126C0FCD}
	EndGlobalSection
EndGlobal
